// !$*UTF8*$!
{
	archiveVersion = 1;
	classes = {
	};
	objectVersion = 48;
	objects = {

/* Begin PBXBuildFile section */
		0052411EF2238E6F00053733 /* Pods_Smack.framework in Frameworks */ = {isa = PBXBuildFile; fileRef = 64D8E93E83A548863362032E /* Pods_Smack.framework */; };
		681E6465206D6CC700D60C79 /* Constants.swift in Sources */ = {isa = PBXBuildFile; fileRef = 681E6464206D6CC700D60C79 /* Constants.swift */; };
		68260EE4206DEDD500CBA337 /* LoginVC.swift in Sources */ = {isa = PBXBuildFile; fileRef = 68260EE3206DEDD500CBA337 /* LoginVC.swift */; };
		683554A42071C4A500828DA1 /* AuthService.swift in Sources */ = {isa = PBXBuildFile; fileRef = 683554A32071C4A500828DA1 /* AuthService.swift */; };
		68394D65206B3F65007DADDE /* AppDelegate.swift in Sources */ = {isa = PBXBuildFile; fileRef = 68394D64206B3F65007DADDE /* AppDelegate.swift */; };
		68394D67206B3F65007DADDE /* ViewController.swift in Sources */ = {isa = PBXBuildFile; fileRef = 68394D66206B3F65007DADDE /* ViewController.swift */; };
		68394D6A206B3F65007DADDE /* Main.storyboard in Resources */ = {isa = PBXBuildFile; fileRef = 68394D68206B3F65007DADDE /* Main.storyboard */; };
		68394D6C206B3F65007DADDE /* Assets.xcassets in Resources */ = {isa = PBXBuildFile; fileRef = 68394D6B206B3F65007DADDE /* Assets.xcassets */; };
		68394D6F206B3F65007DADDE /* LaunchScreen.storyboard in Resources */ = {isa = PBXBuildFile; fileRef = 68394D6D206B3F65007DADDE /* LaunchScreen.storyboard */; };
		685A883A206C7D5000851563 /* ChannelVC.swift in Sources */ = {isa = PBXBuildFile; fileRef = 685A8839206C7D5000851563 /* ChannelVC.swift */; };
		685A883C206C7D6200851563 /* ChatVC.swift in Sources */ = {isa = PBXBuildFile; fileRef = 685A883B206C7D6200851563 /* ChatVC.swift */; };
		685A883E206C8A0900851563 /* GradientView.swift in Sources */ = {isa = PBXBuildFile; fileRef = 685A883D206C8A0900851563 /* GradientView.swift */; };
		687A8DD3206EAC67007C7939 /* CreateAccountVC.swift in Sources */ = {isa = PBXBuildFile; fileRef = 687A8DD2206EAC67007C7939 /* CreateAccountVC.swift */; };
		689F797E206B4B700051BEAC /* SWRevealViewController.m in Sources */ = {isa = PBXBuildFile; fileRef = 689F797D206B4B700051BEAC /* SWRevealViewController.m */; };
/* End PBXBuildFile section */

/* Begin PBXFileReference section */
		64D8E93E83A548863362032E /* Pods_Smack.framework */ = {isa = PBXFileReference; explicitFileType = wrapper.framework; includeInIndex = 0; path = Pods_Smack.framework; sourceTree = BUILT_PRODUCTS_DIR; };
		681E6464206D6CC700D60C79 /* Constants.swift */ = {isa = PBXFileReference; lastKnownFileType = sourcecode.swift; path = Constants.swift; sourceTree = "<group>"; };
		68260EE3206DEDD500CBA337 /* LoginVC.swift */ = {isa = PBXFileReference; lastKnownFileType = sourcecode.swift; path = LoginVC.swift; sourceTree = "<group>"; };
		683554A32071C4A500828DA1 /* AuthService.swift */ = {isa = PBXFileReference; lastKnownFileType = sourcecode.swift; path = AuthService.swift; sourceTree = "<group>"; };
		68394D61206B3F65007DADDE /* Smack.app */ = {isa = PBXFileReference; explicitFileType = wrapper.application; includeInIndex = 0; path = Smack.app; sourceTree = BUILT_PRODUCTS_DIR; };
		68394D64206B3F65007DADDE /* AppDelegate.swift */ = {isa = PBXFileReference; lastKnownFileType = sourcecode.swift; path = AppDelegate.swift; sourceTree = "<group>"; };
		68394D66206B3F65007DADDE /* ViewController.swift */ = {isa = PBXFileReference; lastKnownFileType = sourcecode.swift; path = ViewController.swift; sourceTree = "<group>"; };
		68394D69206B3F65007DADDE /* Base */ = {isa = PBXFileReference; lastKnownFileType = file.storyboard; name = Base; path = Base.lproj/Main.storyboard; sourceTree = "<group>"; };
		68394D6B206B3F65007DADDE /* Assets.xcassets */ = {isa = PBXFileReference; lastKnownFileType = folder.assetcatalog; path = Assets.xcassets; sourceTree = "<group>"; };
		68394D6E206B3F65007DADDE /* Base */ = {isa = PBXFileReference; lastKnownFileType = file.storyboard; name = Base; path = Base.lproj/LaunchScreen.storyboard; sourceTree = "<group>"; };
		68394D70206B3F65007DADDE /* Info.plist */ = {isa = PBXFileReference; lastKnownFileType = text.plist.xml; path = Info.plist; sourceTree = "<group>"; };
		685A8839206C7D5000851563 /* ChannelVC.swift */ = {isa = PBXFileReference; lastKnownFileType = sourcecode.swift; path = ChannelVC.swift; sourceTree = "<group>"; };
		685A883B206C7D6200851563 /* ChatVC.swift */ = {isa = PBXFileReference; lastKnownFileType = sourcecode.swift; path = ChatVC.swift; sourceTree = "<group>"; };
		685A883D206C8A0900851563 /* GradientView.swift */ = {isa = PBXFileReference; lastKnownFileType = sourcecode.swift; path = GradientView.swift; sourceTree = "<group>"; };
		687A8DD2206EAC67007C7939 /* CreateAccountVC.swift */ = {isa = PBXFileReference; lastKnownFileType = sourcecode.swift; path = CreateAccountVC.swift; sourceTree = "<group>"; };
		689F797B206B4B6F0051BEAC /* Smack-Bridging-Header.h */ = {isa = PBXFileReference; lastKnownFileType = sourcecode.c.h; path = "Smack-Bridging-Header.h"; sourceTree = "<group>"; };
		689F797C206B4B700051BEAC /* SWRevealViewController.h */ = {isa = PBXFileReference; fileEncoding = 4; lastKnownFileType = sourcecode.c.h; path = SWRevealViewController.h; sourceTree = "<group>"; };
		689F797D206B4B700051BEAC /* SWRevealViewController.m */ = {isa = PBXFileReference; fileEncoding = 4; lastKnownFileType = sourcecode.c.objc; path = SWRevealViewController.m; sourceTree = "<group>"; };
		734CA5B4EEE71F562663A62C /* Pods-Smack.debug.xcconfig */ = {isa = PBXFileReference; includeInIndex = 1; lastKnownFileType = text.xcconfig; name = "Pods-Smack.debug.xcconfig"; path = "Pods/Target Support Files/Pods-Smack/Pods-Smack.debug.xcconfig"; sourceTree = "<group>"; };
		9480040F6AC58DD5C87F2804 /* Pods-Smack.release.xcconfig */ = {isa = PBXFileReference; includeInIndex = 1; lastKnownFileType = text.xcconfig; name = "Pods-Smack.release.xcconfig"; path = "Pods/Target Support Files/Pods-Smack/Pods-Smack.release.xcconfig"; sourceTree = "<group>"; };
/* End PBXFileReference section */

/* Begin PBXFrameworksBuildPhase section */
		68394D5E206B3F65007DADDE /* Frameworks */ = {
			isa = PBXFrameworksBuildPhase;
			buildActionMask = 2147483647;
			files = (
				0052411EF2238E6F00053733 /* Pods_Smack.framework in Frameworks */,
			);
			runOnlyForDeploymentPostprocessing = 0;
		};
/* End PBXFrameworksBuildPhase section */

/* Begin PBXGroup section */
		681E6463206D6CAD00D60C79 /* Utilities */ = {
			isa = PBXGroup;
			children = (
				681E6464206D6CC700D60C79 /* Constants.swift */,
			);
			path = Utilities;
			sourceTree = "<group>";
		};
		683554A22071C48800828DA1 /* Services */ = {
			isa = PBXGroup;
			children = (
				683554A32071C4A500828DA1 /* AuthService.swift */,
			);
			path = Services;
			sourceTree = "<group>";
		};
		68394D58206B3F65007DADDE = {
			isa = PBXGroup;
			children = (
				68394D63206B3F65007DADDE /* Smack */,
				68394D62206B3F65007DADDE /* Products */,
				D264D112C2E0238E2D5B077E /* Pods */,
				98692F81D33BF6F161F0438D /* Frameworks */,
			);
			sourceTree = "<group>";
		};
		68394D62206B3F65007DADDE /* Products */ = {
			isa = PBXGroup;
			children = (
				68394D61206B3F65007DADDE /* Smack.app */,
			);
			name = Products;
			sourceTree = "<group>";
		};
		68394D63206B3F65007DADDE /* Smack */ = {
			isa = PBXGroup;
			children = (
				683554A22071C48800828DA1 /* Services */,
				681E6463206D6CAD00D60C79 /* Utilities */,
				685A8838206C7D3500851563 /* Model */,
				685A8837206C7D2F00851563 /* View */,
				685A8836206C7D2400851563 /* Controller */,
				689F797A206B4B580051BEAC /* Supporting-Files */,
				68394D64206B3F65007DADDE /* AppDelegate.swift */,
				68394D66206B3F65007DADDE /* ViewController.swift */,
				68394D68206B3F65007DADDE /* Main.storyboard */,
				68394D6B206B3F65007DADDE /* Assets.xcassets */,
				68394D6D206B3F65007DADDE /* LaunchScreen.storyboard */,
				68394D70206B3F65007DADDE /* Info.plist */,
			);
			path = Smack;
			sourceTree = "<group>";
		};
		685A8836206C7D2400851563 /* Controller */ = {
			isa = PBXGroup;
			children = (
				685A883B206C7D6200851563 /* ChatVC.swift */,
				685A8839206C7D5000851563 /* ChannelVC.swift */,
				68260EE3206DEDD500CBA337 /* LoginVC.swift */,
				687A8DD2206EAC67007C7939 /* CreateAccountVC.swift */,
			);
			path = Controller;
			sourceTree = "<group>";
		};
		685A8837206C7D2F00851563 /* View */ = {
			isa = PBXGroup;
			children = (
				685A883D206C8A0900851563 /* GradientView.swift */,
			);
			path = View;
			sourceTree = "<group>";
		};
		685A8838206C7D3500851563 /* Model */ = {
			isa = PBXGroup;
			children = (
			);
			path = Model;
			sourceTree = "<group>";
		};
		689F797A206B4B580051BEAC /* Supporting-Files */ = {
			isa = PBXGroup;
			children = (
				689F797C206B4B700051BEAC /* SWRevealViewController.h */,
				689F797D206B4B700051BEAC /* SWRevealViewController.m */,
				689F797B206B4B6F0051BEAC /* Smack-Bridging-Header.h */,
			);
			path = "Supporting-Files";
			sourceTree = "<group>";
		};
		98692F81D33BF6F161F0438D /* Frameworks */ = {
			isa = PBXGroup;
			children = (
				64D8E93E83A548863362032E /* Pods_Smack.framework */,
			);
			name = Frameworks;
			sourceTree = "<group>";
		};
		D264D112C2E0238E2D5B077E /* Pods */ = {
			isa = PBXGroup;
			children = (
				734CA5B4EEE71F562663A62C /* Pods-Smack.debug.xcconfig */,
				9480040F6AC58DD5C87F2804 /* Pods-Smack.release.xcconfig */,
			);
			name = Pods;
			sourceTree = "<group>";
		};
/* End PBXGroup section */

/* Begin PBXNativeTarget section */
		68394D60206B3F65007DADDE /* Smack */ = {
			isa = PBXNativeTarget;
			buildConfigurationList = 68394D73206B3F65007DADDE /* Build configuration list for PBXNativeTarget "Smack" */;
			buildPhases = (
				3DD1642BC0E97B7788545A89 /* [CP] Check Pods Manifest.lock */,
				68394D5D206B3F65007DADDE /* Sources */,
				68394D5E206B3F65007DADDE /* Frameworks */,
				68394D5F206B3F65007DADDE /* Resources */,
				AADB68DB9D9D75585F49F024 /* [CP] Embed Pods Frameworks */,
				EC5499C72D9484B3DE620536 /* [CP] Copy Pods Resources */,
			);
			buildRules = (
			);
			dependencies = (
			);
			name = Smack;
			productName = Smack;
			productReference = 68394D61206B3F65007DADDE /* Smack.app */;
			productType = "com.apple.product-type.application";
		};
/* End PBXNativeTarget section */

/* Begin PBXProject section */
		68394D59206B3F65007DADDE /* Project object */ = {
			isa = PBXProject;
			attributes = {
				LastSwiftUpdateCheck = 0920;
				LastUpgradeCheck = 0920;
				ORGANIZATIONNAME = Ghost;
				TargetAttributes = {
					68394D60206B3F65007DADDE = {
						CreatedOnToolsVersion = 9.2;
						LastSwiftMigration = 0920;
						ProvisioningStyle = Automatic;
					};
				};
			};
			buildConfigurationList = 68394D5C206B3F65007DADDE /* Build configuration list for PBXProject "Smack" */;
			compatibilityVersion = "Xcode 8.0";
			developmentRegion = en;
			hasScannedForEncodings = 0;
			knownRegions = (
				en,
				Base,
			);
			mainGroup = 68394D58206B3F65007DADDE;
			productRefGroup = 68394D62206B3F65007DADDE /* Products */;
			projectDirPath = "";
			projectRoot = "";
			targets = (
				68394D60206B3F65007DADDE /* Smack */,
			);
		};
/* End PBXProject section */

/* Begin PBXResourcesBuildPhase section */
		68394D5F206B3F65007DADDE /* Resources */ = {
			isa = PBXResourcesBuildPhase;
			buildActionMask = 2147483647;
			files = (
				68394D6F206B3F65007DADDE /* LaunchScreen.storyboard in Resources */,
				68394D6C206B3F65007DADDE /* Assets.xcassets in Resources */,
				68394D6A206B3F65007DADDE /* Main.storyboard in Resources */,
			);
			runOnlyForDeploymentPostprocessing = 0;
		};
/* End PBXResourcesBuildPhase section */

/* Begin PBXShellScriptBuildPhase section */
		3DD1642BC0E97B7788545A89 /* [CP] Check Pods Manifest.lock */ = {
			isa = PBXShellScriptBuildPhase;
			buildActionMask = 2147483647;
			files = (
			);
			inputPaths = (
				"${PODS_PODFILE_DIR_PATH}/Podfile.lock",
				"${PODS_ROOT}/Manifest.lock",
			);
			name = "[CP] Check Pods Manifest.lock";
			outputPaths = (
				"$(DERIVED_FILE_DIR)/Pods-Smack-checkManifestLockResult.txt",
			);
			runOnlyForDeploymentPostprocessing = 0;
			shellPath = /bin/sh;
			shellScript = "diff \"${PODS_PODFILE_DIR_PATH}/Podfile.lock\" \"${PODS_ROOT}/Manifest.lock\" > /dev/null\nif [ $? != 0 ] ; then\n    # print error to STDERR\n    echo \"error: The sandbox is not in sync with the Podfile.lock. Run 'pod install' or update your CocoaPods installation.\" >&2\n    exit 1\nfi\n# This output is used by Xcode 'outputs' to avoid re-running this script phase.\necho \"SUCCESS\" > \"${SCRIPT_OUTPUT_FILE_0}\"\n";
			showEnvVarsInLog = 0;
		};
		AADB68DB9D9D75585F49F024 /* [CP] Embed Pods Frameworks */ = {
			isa = PBXShellScriptBuildPhase;
			buildActionMask = 2147483647;
			files = (
			);
			inputPaths = (
				"${SRCROOT}/Pods/Target Support Files/Pods-Smack/Pods-Smack-frameworks.sh",
				"${BUILT_PRODUCTS_DIR}/Alamofire/Alamofire.framework",
				"${BUILT_PRODUCTS_DIR}/Socket.IO-Client-Swift/SocketIO.framework",
				"${BUILT_PRODUCTS_DIR}/Starscream/Starscream.framework",
				"${BUILT_PRODUCTS_DIR}/SwiftyJSON/SwiftyJSON.framework",
			);
			name = "[CP] Embed Pods Frameworks";
			outputPaths = (
				"${TARGET_BUILD_DIR}/${FRAMEWORKS_FOLDER_PATH}/Alamofire.framework",
				"${TARGET_BUILD_DIR}/${FRAMEWORKS_FOLDER_PATH}/SocketIO.framework",
				"${TARGET_BUILD_DIR}/${FRAMEWORKS_FOLDER_PATH}/Starscream.framework",
				"${TARGET_BUILD_DIR}/${FRAMEWORKS_FOLDER_PATH}/SwiftyJSON.framework",
			);
			runOnlyForDeploymentPostprocessing = 0;
			shellPath = /bin/sh;
			shellScript = "\"${SRCROOT}/Pods/Target Support Files/Pods-Smack/Pods-Smack-frameworks.sh\"\n";
			showEnvVarsInLog = 0;
		};
		EC5499C72D9484B3DE620536 /* [CP] Copy Pods Resources */ = {
			isa = PBXShellScriptBuildPhase;
			buildActionMask = 2147483647;
			files = (
			);
			inputPaths = (
			);
			name = "[CP] Copy Pods Resources";
			outputPaths = (
			);
			runOnlyForDeploymentPostprocessing = 0;
			shellPath = /bin/sh;
			shellScript = "\"${SRCROOT}/Pods/Target Support Files/Pods-Smack/Pods-Smack-resources.sh\"\n";
			showEnvVarsInLog = 0;
		};
/* End PBXShellScriptBuildPhase section */

/* Begin PBXSourcesBuildPhase section */
		68394D5D206B3F65007DADDE /* Sources */ = {
			isa = PBXSourcesBuildPhase;
			buildActionMask = 2147483647;
			files = (
				685A883A206C7D5000851563 /* ChannelVC.swift in Sources */,
				68394D67206B3F65007DADDE /* ViewController.swift in Sources */,
				68260EE4206DEDD500CBA337 /* LoginVC.swift in Sources */,
				685A883E206C8A0900851563 /* GradientView.swift in Sources */,
				68394D65206B3F65007DADDE /* AppDelegate.swift in Sources */,
				687A8DD3206EAC67007C7939 /* CreateAccountVC.swift in Sources */,
				681E6465206D6CC700D60C79 /* Constants.swift in Sources */,
				683554A42071C4A500828DA1 /* AuthService.swift in Sources */,
				689F797E206B4B700051BEAC /* SWRevealViewController.m in Sources */,
				685A883C206C7D6200851563 /* ChatVC.swift in Sources */,
			);
			runOnlyForDeploymentPostprocessing = 0;
		};
/* End PBXSourcesBuildPhase section */

/* Begin PBXVariantGroup section */
		68394D68206B3F65007DADDE /* Main.storyboard */ = {
			isa = PBXVariantGroup;
			children = (
				68394D69206B3F65007DADDE /* Base */,
			);
			name = Main.storyboard;
			sourceTree = "<group>";
		};
		68394D6D206B3F65007DADDE /* LaunchScreen.storyboard */ = {
			isa = PBXVariantGroup;
			children = (
				68394D6E206B3F65007DADDE /* Base */,
			);
			name = LaunchScreen.storyboard;
			sourceTree = "<group>";
		};
/* End PBXVariantGroup section */

/* Begin XCBuildConfiguration section */
		68394D71206B3F65007DADDE /* Debug */ = {
			isa = XCBuildConfiguration;
			buildSettings = {
				ALWAYS_SEARCH_USER_PATHS = NO;
				CLANG_ANALYZER_NONNULL = YES;
				CLANG_ANALYZER_NUMBER_OBJECT_CONVERSION = YES_AGGRESSIVE;
				CLANG_CXX_LANGUAGE_STANDARD = "gnu++14";
				CLANG_CXX_LIBRARY = "libc++";
				CLANG_ENABLE_MODULES = YES;
				CLANG_ENABLE_OBJC_ARC = YES;
				CLANG_WARN_BLOCK_CAPTURE_AUTORELEASING = YES;
				CLANG_WARN_BOOL_CONVERSION = YES;
				CLANG_WARN_COMMA = YES;
				CLANG_WARN_CONSTANT_CONVERSION = YES;
				CLANG_WARN_DIRECT_OBJC_ISA_USAGE = YES_ERROR;
				CLANG_WARN_DOCUMENTATION_COMMENTS = YES;
				CLANG_WARN_EMPTY_BODY = YES;
				CLANG_WARN_ENUM_CONVERSION = YES;
				CLANG_WARN_INFINITE_RECURSION = YES;
				CLANG_WARN_INT_CONVERSION = YES;
				CLANG_WARN_NON_LITERAL_NULL_CONVERSION = YES;
				CLANG_WARN_OBJC_LITERAL_CONVERSION = YES;
				CLANG_WARN_OBJC_ROOT_CLASS = YES_ERROR;
				CLANG_WARN_RANGE_LOOP_ANALYSIS = YES;
				CLANG_WARN_STRICT_PROTOTYPES = YES;
				CLANG_WARN_SUSPICIOUS_MOVE = YES;
				CLANG_WARN_UNGUARDED_AVAILABILITY = YES_AGGRESSIVE;
				CLANG_WARN_UNREACHABLE_CODE = YES;
				CLANG_WARN__DUPLICATE_METHOD_MATCH = YES;
				CODE_SIGN_IDENTITY = "iPhone Developer";
				COPY_PHASE_STRIP = NO;
				DEBUG_INFORMATION_FORMAT = dwarf;
				ENABLE_STRICT_OBJC_MSGSEND = YES;
				ENABLE_TESTABILITY = YES;
				GCC_C_LANGUAGE_STANDARD = gnu11;
				GCC_DYNAMIC_NO_PIC = NO;
				GCC_NO_COMMON_BLOCKS = YES;
				GCC_OPTIMIZATION_LEVEL = 0;
				GCC_PREPROCESSOR_DEFINITIONS = (
					"DEBUG=1",
					"$(inherited)",
				);
				GCC_WARN_64_TO_32_BIT_CONVERSION = YES;
				GCC_WARN_ABOUT_RETURN_TYPE = YES_ERROR;
				GCC_WARN_UNDECLARED_SELECTOR = YES;
				GCC_WARN_UNINITIALIZED_AUTOS = YES_AGGRESSIVE;
				GCC_WARN_UNUSED_FUNCTION = YES;
				GCC_WARN_UNUSED_VARIABLE = YES;
				IPHONEOS_DEPLOYMENT_TARGET = 11.2;
				MTL_ENABLE_DEBUG_INFO = YES;
				ONLY_ACTIVE_ARCH = YES;
				SDKROOT = iphoneos;
				SWIFT_ACTIVE_COMPILATION_CONDITIONS = DEBUG;
				SWIFT_OPTIMIZATION_LEVEL = "-Onone";
			};
			name = Debug;
		};
		68394D72206B3F65007DADDE /* Release */ = {
			isa = XCBuildConfiguration;
			buildSettings = {
				ALWAYS_SEARCH_USER_PATHS = NO;
				CLANG_ANALYZER_NONNULL = YES;
				CLANG_ANALYZER_NUMBER_OBJECT_CONVERSION = YES_AGGRESSIVE;
				CLANG_CXX_LANGUAGE_STANDARD = "gnu++14";
				CLANG_CXX_LIBRARY = "libc++";
				CLANG_ENABLE_MODULES = YES;
				CLANG_ENABLE_OBJC_ARC = YES;
				CLANG_WARN_BLOCK_CAPTURE_AUTORELEASING = YES;
				CLANG_WARN_BOOL_CONVERSION = YES;
				CLANG_WARN_COMMA = YES;
				CLANG_WARN_CONSTANT_CONVERSION = YES;
				CLANG_WARN_DIRECT_OBJC_ISA_USAGE = YES_ERROR;
				CLANG_WARN_DOCUMENTATION_COMMENTS = YES;
				CLANG_WARN_EMPTY_BODY = YES;
				CLANG_WARN_ENUM_CONVERSION = YES;
				CLANG_WARN_INFINITE_RECURSION = YES;
				CLANG_WARN_INT_CONVERSION = YES;
				CLANG_WARN_NON_LITERAL_NULL_CONVERSION = YES;
				CLANG_WARN_OBJC_LITERAL_CONVERSION = YES;
				CLANG_WARN_OBJC_ROOT_CLASS = YES_ERROR;
				CLANG_WARN_RANGE_LOOP_ANALYSIS = YES;
				CLANG_WARN_STRICT_PROTOTYPES = YES;
				CLANG_WARN_SUSPICIOUS_MOVE = YES;
				CLANG_WARN_UNGUARDED_AVAILABILITY = YES_AGGRESSIVE;
				CLANG_WARN_UNREACHABLE_CODE = YES;
				CLANG_WARN__DUPLICATE_METHOD_MATCH = YES;
				CODE_SIGN_IDENTITY = "iPhone Developer";
				COPY_PHASE_STRIP = NO;
				DEBUG_INFORMATION_FORMAT = "dwarf-with-dsym";
				ENABLE_NS_ASSERTIONS = NO;
				ENABLE_STRICT_OBJC_MSGSEND = YES;
				GCC_C_LANGUAGE_STANDARD = gnu11;
				GCC_NO_COMMON_BLOCKS = YES;
				GCC_WARN_64_TO_32_BIT_CONVERSION = YES;
				GCC_WARN_ABOUT_RETURN_TYPE = YES_ERROR;
				GCC_WARN_UNDECLARED_SELECTOR = YES;
				GCC_WARN_UNINITIALIZED_AUTOS = YES_AGGRESSIVE;
				GCC_WARN_UNUSED_FUNCTION = YES;
				GCC_WARN_UNUSED_VARIABLE = YES;
				IPHONEOS_DEPLOYMENT_TARGET = 11.2;
				MTL_ENABLE_DEBUG_INFO = NO;
				SDKROOT = iphoneos;
				SWIFT_OPTIMIZATION_LEVEL = "-Owholemodule";
				VALIDATE_PRODUCT = YES;
			};
			name = Release;
		};
		68394D74206B3F65007DADDE /* Debug */ = {
			isa = XCBuildConfiguration;
			baseConfigurationReference = 734CA5B4EEE71F562663A62C /* Pods-Smack.debug.xcconfig */;
			buildSettings = {
				ASSETCATALOG_COMPILER_APPICON_NAME = AppIcon;
				CLANG_ENABLE_MODULES = YES;
				CODE_SIGN_STYLE = Automatic;
				DEVELOPMENT_TEAM = DWW4KM3C6Q;
				INFOPLIST_FILE = Smack/Info.plist;
				LD_RUNPATH_SEARCH_PATHS = "$(inherited) @executable_path/Frameworks";
				PRODUCT_BUNDLE_IDENTIFIER = com.Ghost.Smack;
				PRODUCT_NAME = "$(TARGET_NAME)";
				SWIFT_OBJC_BRIDGING_HEADER = "Smack/Supporting-Files/Smack-Bridging-Header.h";
				SWIFT_OPTIMIZATION_LEVEL = "-Onone";
				SWIFT_VERSION = 4.0;
				TARGETED_DEVICE_FAMILY = "1,2";
			};
			name = Debug;
		};
		68394D75206B3F65007DADDE /* Release */ = {
			isa = XCBuildConfiguration;
			baseConfigurationReference = 9480040F6AC58DD5C87F2804 /* Pods-Smack.release.xcconfig */;
			buildSettings = {
				ASSETCATALOG_COMPILER_APPICON_NAME = AppIcon;
				CLANG_ENABLE_MODULES = YES;
				CODE_SIGN_STYLE = Automatic;
				DEVELOPMENT_TEAM = DWW4KM3C6Q;
				INFOPLIST_FILE = Smack/Info.plist;
				LD_RUNPATH_SEARCH_PATHS = "$(inherited) @executable_path/Frameworks";
				PRODUCT_BUNDLE_IDENTIFIER = com.Ghost.Smack;
				PRODUCT_NAME = "$(TARGET_NAME)";
				SWIFT_OBJC_BRIDGING_HEADER = "Smack/Supporting-Files/Smack-Bridging-Header.h";
				SWIFT_VERSION = 4.0;
				TARGETED_DEVICE_FAMILY = "1,2";
			};
			name = Release;
		};
/* End XCBuildConfiguration section */

/* Begin XCConfigurationList section */
		68394D5C206B3F65007DADDE /* Build configuration list for PBXProject "Smack" */ = {
			isa = XCConfigurationList;
			buildConfigurations = (
				68394D71206B3F65007DADDE /* Debug */,
				68394D72206B3F65007DADDE /* Release */,
			);
			defaultConfigurationIsVisible = 0;
			defaultConfigurationName = Release;
		};
		68394D73206B3F65007DADDE /* Build configuration list for PBXNativeTarget "Smack" */ = {
			isa = XCConfigurationList;
			buildConfigurations = (
				68394D74206B3F65007DADDE /* Debug */,
				68394D75206B3F65007DADDE /* Release */,
			);
			defaultConfigurationIsVisible = 0;
			defaultConfigurationName = Release;
		};
/* End XCConfigurationList section */
	};
	rootObject = 68394D59206B3F65007DADDE /* Project object */;
}
